
Microsoft Visual Studio Solution File, Format Version 12.00
# Visual Studio Version 17
VisualStudioVersion = 17.2.32519.379
MinimumVisualStudioVersion = 10.0.40219.1
Project("{FAE04EC0-301F-11D3-BF4B-00C04F79EFBC}") = "jokenpo", "jokenpo\jokenpo.csproj", "{7B37F2D5-4707-40B4-A9A6-5CC5B23F41D0}"
EndProject
Global
	GlobalSection(SolutionConfigurationPlatforms) = preSolution
		Debug|Any CPU = Debug|Any CPU
		Release|Any CPU = Release|Any CPU
	EndGlobalSection
	GlobalSection(ProjectConfigurationPlatforms) = postSolution
		{7B37F2D5-4707-40B4-A9A6-5CC5B23F41D0}.Debug|Any CPU.ActiveCfg = Debug|Any CPU
		{7B37F2D5-4707-40B4-A9A6-5CC5B23F41D0}.Debug|Any CPU.Build.0 = Debug|Any CPU
		{7B37F2D5-4707-40B4-A9A6-5CC5B23F41D0}.Release|Any CPU.ActiveCfg = Release|Any CPU
		{7B37F2D5-4707-40B4-A9A6-5CC5B23F41D0}.Release|Any CPU.Build.0 = Release|Any CPU
	EndGlobalSection
	GlobalSection(SolutionProperties) = preSolution
		HideSolutionNode = FALSE
	EndGlobalSection
	GlobalSection(ExtensibilityGlobals) = postSolution
		SolutionGuid = {9AEEE1CC-A7A9-419D-9A2F-0A06DB411C12}
	EndGlobalSection
EndGlobal
